
Microsoft Visual Studio Solution File, Format Version 12.00
# Visual Studio 14
VisualStudioVersion = 14.0.24720.0
MinimumVisualStudioVersion = 10.0.40219.1
Project("{2150E333-8FDC-42A3-9474-1A3956D46DE8}") = "Data", "Data", "{07873B8D-2C3B-406A-996D-3B0FE927F787}"
EndProject
Project("{2150E333-8FDC-42A3-9474-1A3956D46DE8}") = "Services", "Services", "{005AE83B-4E43-4A65-A6CE-779E8C0F964A}"
EndProject
Project("{2150E333-8FDC-42A3-9474-1A3956D46DE8}") = "EconomData", "EconomData", "{026FEC9B-053D-40B3-90C2-A0E6F883B76A}"
EndProject
Project("{2150E333-8FDC-42A3-9474-1A3956D46DE8}") = "BarcodeData", "BarcodeData", "{5099BA64-3CF3-4575-A928-9225BFDF04CF}"
EndProject
Project("{2150E333-8FDC-42A3-9474-1A3956D46DE8}") = "ImageData", "ImageData", "{5E2544BB-1F84-4F43-8273-280C171614C2}"
EndProject
Project("{FAE04EC0-301F-11D3-BF4B-00C04F79EFBC}") = "Econom.Data", "Data\EconomData\Econom.Data\Econom.Data.csproj", "{88A8A35D-5D8D-4283-816C-40C3846FD949}"
EndProject
Project("{FAE04EC0-301F-11D3-BF4B-00C04F79EFBC}") = "Econom.Data.Models", "Data\EconomData\Econom.Data.Models\Econom.Data.Models.csproj", "{1C6815DB-0F42-40B7-B310-57690B317BD1}"
EndProject
Project("{FAE04EC0-301F-11D3-BF4B-00C04F79EFBC}") = "Data.Contracts", "Data\Common\Data.Contracts\Data.Contracts.csproj", "{E275F6A7-50C9-4F43-AEA4-A874B59680EB}"
EndProject
Project("{2150E333-8FDC-42A3-9474-1A3956D46DE8}") = "Web", "Web", "{E651F8CA-18B3-4E72-8C91-7B771BCA2511}"
EndProject
Project("{FAE04EC0-301F-11D3-BF4B-00C04F79EFBC}") = "Econom.Web", "Web\Econom.Web\Econom.Web.csproj", "{9D1B3EF4-11C1-47E4-898D-6061EE29CDF1}"
EndProject
Project("{2150E333-8FDC-42A3-9474-1A3956D46DE8}") = "Common", "Common", "{FB3DB04A-0112-44A4-85C1-09C69469A789}"
EndProject
Project("{FAE04EC0-301F-11D3-BF4B-00C04F79EFBC}") = "BarcodeData.Data", "Data\BarcodeData\BarcodeData.Data\BarcodeData.Data.csproj", "{3A2F7268-D6FA-4F9E-B90C-0F99651BAB5B}"
EndProject
Project("{FAE04EC0-301F-11D3-BF4B-00C04F79EFBC}") = "BarcodeData.Models", "Data\BarcodeData\BarcodeData.Models\BarcodeData.Models.csproj", "{1CE16618-FBB9-4B2F-94EE-51C4B95F793F}"
EndProject
Project("{FAE04EC0-301F-11D3-BF4B-00C04F79EFBC}") = "Econom.Services.Recognizers", "Services\Econom.Services.Recognizers\Econom.Services.Recognizers.csproj", "{DA8E3CD7-C194-4B0F-A7AC-EADDF8FC8ACE}"
EndProject
Project("{FAE04EC0-301F-11D3-BF4B-00C04F79EFBC}") = "Econom.Services.Data", "Services\Econom.Services.Data\Econom.Services.Data.csproj", "{E9140512-F401-4F47-A748-F83E22E60562}"
EndProject
Project("{FAE04EC0-301F-11D3-BF4B-00C04F79EFBC}") = "Econom.Services.Searchers", "Services\Econom.Services.Searchers\Econom.Services.Searchers.csproj", "{AFF67409-693D-4DE6-B42A-D628FCCD013A}"
EndProject
Project("{FAE04EC0-301F-11D3-BF4B-00C04F79EFBC}") = "Workspace", "Workspace\Workspace.csproj", "{4E160284-840C-470D-837B-F4AFC83C52DE}"
EndProject
Project("{2150E333-8FDC-42A3-9474-1A3956D46DE8}") = "ItemMasterData", "ItemMasterData", "{52639486-594B-4B81-AE4F-CFBA049586E4}"
EndProject
Project("{FAE04EC0-301F-11D3-BF4B-00C04F79EFBC}") = "ItemMasterData.Data", "Data\ItemMasterData\ItemMasterData.Data\ItemMasterData.Data.csproj", "{C0B356C9-D79F-4E8B-93B4-0915897EA73A}"
EndProject
Project("{FAE04EC0-301F-11D3-BF4B-00C04F79EFBC}") = "ItemMasterData.Models", "Data\ItemMasterData\ItemMasterData.Models\ItemMasterData.Models.csproj", "{B78A28A2-A501-4039-8E86-E878A75B788A}"
EndProject
Project("{FAE04EC0-301F-11D3-BF4B-00C04F79EFBC}") = "ItemDataSeed", "ItemDataSeed\ItemDataSeed.csproj", "{4742175D-E322-4320-B17E-4D76C2568AD6}"
EndProject
Project("{2150E333-8FDC-42A3-9474-1A3956D46DE8}") = "Common", "Common", "{3D5FAA22-A4BF-4D2B-86A6-B6925A87F491}"
EndProject
Project("{FAE04EC0-301F-11D3-BF4B-00C04F79EFBC}") = "Econom.Common", "Common\Econom.Common\Econom.Common.csproj", "{C8DA2C49-BCE9-4446-A548-5FCFA36B1296}"
EndProject
Project("{FAE04EC0-301F-11D3-BF4B-00C04F79EFBC}") = "Econom.Services.Logic", "Services\Econom.Services.Logic\Econom.Services.Logic.csproj", "{4E9BEFE0-5519-4129-9B27-1A23654438E4}"
EndProject
Project("{FAE04EC0-301F-11D3-BF4B-00C04F79EFBC}") = "Econom.Web.Infrastructure", "Web\Econom.Web.Infrastructure\Econom.Web.Infrastructure.csproj", "{6813DC53-5EEE-4507-8604-5301EE51A0D3}"
EndProject
Project("{FAE04EC0-301F-11D3-BF4B-00C04F79EFBC}") = "Econom.Data.TransferModels", "Data\Common\Econom.Data.TransferModels\Econom.Data.TransferModels.csproj", "{5542EBC8-AA21-4B96-A315-1F38E4BCA359}"
EndProject
Global
	GlobalSection(SolutionConfigurationPlatforms) = preSolution
		Debug|Any CPU = Debug|Any CPU
		Debug|ARM = Debug|ARM
		Debug|x64 = Debug|x64
		Debug|x86 = Debug|x86
		Release|Any CPU = Release|Any CPU
		Release|ARM = Release|ARM
		Release|x64 = Release|x64
		Release|x86 = Release|x86
	EndGlobalSection
	GlobalSection(ProjectConfigurationPlatforms) = postSolution
		{88A8A35D-5D8D-4283-816C-40C3846FD949}.Debug|Any CPU.ActiveCfg = Debug|Any CPU
		{88A8A35D-5D8D-4283-816C-40C3846FD949}.Debug|Any CPU.Build.0 = Debug|Any CPU
		{88A8A35D-5D8D-4283-816C-40C3846FD949}.Debug|ARM.ActiveCfg = Debug|Any CPU
		{88A8A35D-5D8D-4283-816C-40C3846FD949}.Debug|ARM.Build.0 = Debug|Any CPU
		{88A8A35D-5D8D-4283-816C-40C3846FD949}.Debug|x64.ActiveCfg = Debug|Any CPU
		{88A8A35D-5D8D-4283-816C-40C3846FD949}.Debug|x64.Build.0 = Debug|Any CPU
		{88A8A35D-5D8D-4283-816C-40C3846FD949}.Debug|x86.ActiveCfg = Debug|Any CPU
		{88A8A35D-5D8D-4283-816C-40C3846FD949}.Debug|x86.Build.0 = Debug|Any CPU
		{88A8A35D-5D8D-4283-816C-40C3846FD949}.Release|Any CPU.ActiveCfg = Release|Any CPU
		{88A8A35D-5D8D-4283-816C-40C3846FD949}.Release|Any CPU.Build.0 = Release|Any CPU
		{88A8A35D-5D8D-4283-816C-40C3846FD949}.Release|ARM.ActiveCfg = Release|Any CPU
		{88A8A35D-5D8D-4283-816C-40C3846FD949}.Release|ARM.Build.0 = Release|Any CPU
		{88A8A35D-5D8D-4283-816C-40C3846FD949}.Release|x64.ActiveCfg = Release|Any CPU
		{88A8A35D-5D8D-4283-816C-40C3846FD949}.Release|x64.Build.0 = Release|Any CPU
		{88A8A35D-5D8D-4283-816C-40C3846FD949}.Release|x86.ActiveCfg = Release|Any CPU
		{88A8A35D-5D8D-4283-816C-40C3846FD949}.Release|x86.Build.0 = Release|Any CPU
		{1C6815DB-0F42-40B7-B310-57690B317BD1}.Debug|Any CPU.ActiveCfg = Debug|Any CPU
		{1C6815DB-0F42-40B7-B310-57690B317BD1}.Debug|Any CPU.Build.0 = Debug|Any CPU
		{1C6815DB-0F42-40B7-B310-57690B317BD1}.Debug|ARM.ActiveCfg = Debug|Any CPU
		{1C6815DB-0F42-40B7-B310-57690B317BD1}.Debug|ARM.Build.0 = Debug|Any CPU
		{1C6815DB-0F42-40B7-B310-57690B317BD1}.Debug|x64.ActiveCfg = Debug|Any CPU
		{1C6815DB-0F42-40B7-B310-57690B317BD1}.Debug|x64.Build.0 = Debug|Any CPU
		{1C6815DB-0F42-40B7-B310-57690B317BD1}.Debug|x86.ActiveCfg = Debug|Any CPU
		{1C6815DB-0F42-40B7-B310-57690B317BD1}.Debug|x86.Build.0 = Debug|Any CPU
		{1C6815DB-0F42-40B7-B310-57690B317BD1}.Release|Any CPU.ActiveCfg = Release|Any CPU
		{1C6815DB-0F42-40B7-B310-57690B317BD1}.Release|Any CPU.Build.0 = Release|Any CPU
		{1C6815DB-0F42-40B7-B310-57690B317BD1}.Release|ARM.ActiveCfg = Release|Any CPU
		{1C6815DB-0F42-40B7-B310-57690B317BD1}.Release|ARM.Build.0 = Release|Any CPU
		{1C6815DB-0F42-40B7-B310-57690B317BD1}.Release|x64.ActiveCfg = Release|Any CPU
		{1C6815DB-0F42-40B7-B310-57690B317BD1}.Release|x64.Build.0 = Release|Any CPU
		{1C6815DB-0F42-40B7-B310-57690B317BD1}.Release|x86.ActiveCfg = Release|Any CPU
		{1C6815DB-0F42-40B7-B310-57690B317BD1}.Release|x86.Build.0 = Release|Any CPU
		{E275F6A7-50C9-4F43-AEA4-A874B59680EB}.Debug|Any CPU.ActiveCfg = Debug|Any CPU
		{E275F6A7-50C9-4F43-AEA4-A874B59680EB}.Debug|Any CPU.Build.0 = Debug|Any CPU
		{E275F6A7-50C9-4F43-AEA4-A874B59680EB}.Debug|ARM.ActiveCfg = Debug|Any CPU
		{E275F6A7-50C9-4F43-AEA4-A874B59680EB}.Debug|ARM.Build.0 = Debug|Any CPU
		{E275F6A7-50C9-4F43-AEA4-A874B59680EB}.Debug|x64.ActiveCfg = Debug|Any CPU
		{E275F6A7-50C9-4F43-AEA4-A874B59680EB}.Debug|x64.Build.0 = Debug|Any CPU
		{E275F6A7-50C9-4F43-AEA4-A874B59680EB}.Debug|x86.ActiveCfg = Debug|Any CPU
		{E275F6A7-50C9-4F43-AEA4-A874B59680EB}.Debug|x86.Build.0 = Debug|Any CPU
		{E275F6A7-50C9-4F43-AEA4-A874B59680EB}.Release|Any CPU.ActiveCfg = Release|Any CPU
		{E275F6A7-50C9-4F43-AEA4-A874B59680EB}.Release|Any CPU.Build.0 = Release|Any CPU
		{E275F6A7-50C9-4F43-AEA4-A874B59680EB}.Release|ARM.ActiveCfg = Release|Any CPU
		{E275F6A7-50C9-4F43-AEA4-A874B59680EB}.Release|ARM.Build.0 = Release|Any CPU
		{E275F6A7-50C9-4F43-AEA4-A874B59680EB}.Release|x64.ActiveCfg = Release|Any CPU
		{E275F6A7-50C9-4F43-AEA4-A874B59680EB}.Release|x64.Build.0 = Release|Any CPU
		{E275F6A7-50C9-4F43-AEA4-A874B59680EB}.Release|x86.ActiveCfg = Release|Any CPU
		{E275F6A7-50C9-4F43-AEA4-A874B59680EB}.Release|x86.Build.0 = Release|Any CPU
		{9D1B3EF4-11C1-47E4-898D-6061EE29CDF1}.Debug|Any CPU.ActiveCfg = Debug|Any CPU
		{9D1B3EF4-11C1-47E4-898D-6061EE29CDF1}.Debug|Any CPU.Build.0 = Debug|Any CPU
		{9D1B3EF4-11C1-47E4-898D-6061EE29CDF1}.Debug|ARM.ActiveCfg = Debug|Any CPU
		{9D1B3EF4-11C1-47E4-898D-6061EE29CDF1}.Debug|ARM.Build.0 = Debug|Any CPU
		{9D1B3EF4-11C1-47E4-898D-6061EE29CDF1}.Debug|x64.ActiveCfg = Debug|Any CPU
		{9D1B3EF4-11C1-47E4-898D-6061EE29CDF1}.Debug|x64.Build.0 = Debug|Any CPU
		{9D1B3EF4-11C1-47E4-898D-6061EE29CDF1}.Debug|x86.ActiveCfg = Debug|Any CPU
		{9D1B3EF4-11C1-47E4-898D-6061EE29CDF1}.Debug|x86.Build.0 = Debug|Any CPU
		{9D1B3EF4-11C1-47E4-898D-6061EE29CDF1}.Release|Any CPU.ActiveCfg = Release|Any CPU
		{9D1B3EF4-11C1-47E4-898D-6061EE29CDF1}.Release|Any CPU.Build.0 = Release|Any CPU
		{9D1B3EF4-11C1-47E4-898D-6061EE29CDF1}.Release|ARM.ActiveCfg = Release|Any CPU
		{9D1B3EF4-11C1-47E4-898D-6061EE29CDF1}.Release|ARM.Build.0 = Release|Any CPU
		{9D1B3EF4-11C1-47E4-898D-6061EE29CDF1}.Release|x64.ActiveCfg = Release|Any CPU
		{9D1B3EF4-11C1-47E4-898D-6061EE29CDF1}.Release|x64.Build.0 = Release|Any CPU
		{9D1B3EF4-11C1-47E4-898D-6061EE29CDF1}.Release|x86.ActiveCfg = Release|Any CPU
		{9D1B3EF4-11C1-47E4-898D-6061EE29CDF1}.Release|x86.Build.0 = Release|Any CPU
		{3A2F7268-D6FA-4F9E-B90C-0F99651BAB5B}.Debug|Any CPU.ActiveCfg = Debug|Any CPU
		{3A2F7268-D6FA-4F9E-B90C-0F99651BAB5B}.Debug|Any CPU.Build.0 = Debug|Any CPU
		{3A2F7268-D6FA-4F9E-B90C-0F99651BAB5B}.Debug|ARM.ActiveCfg = Debug|Any CPU
		{3A2F7268-D6FA-4F9E-B90C-0F99651BAB5B}.Debug|ARM.Build.0 = Debug|Any CPU
		{3A2F7268-D6FA-4F9E-B90C-0F99651BAB5B}.Debug|x64.ActiveCfg = Debug|Any CPU
		{3A2F7268-D6FA-4F9E-B90C-0F99651BAB5B}.Debug|x64.Build.0 = Debug|Any CPU
		{3A2F7268-D6FA-4F9E-B90C-0F99651BAB5B}.Debug|x86.ActiveCfg = Debug|Any CPU
		{3A2F7268-D6FA-4F9E-B90C-0F99651BAB5B}.Debug|x86.Build.0 = Debug|Any CPU
		{3A2F7268-D6FA-4F9E-B90C-0F99651BAB5B}.Release|Any CPU.ActiveCfg = Release|Any CPU
		{3A2F7268-D6FA-4F9E-B90C-0F99651BAB5B}.Release|Any CPU.Build.0 = Release|Any CPU
		{3A2F7268-D6FA-4F9E-B90C-0F99651BAB5B}.Release|ARM.ActiveCfg = Release|Any CPU
		{3A2F7268-D6FA-4F9E-B90C-0F99651BAB5B}.Release|ARM.Build.0 = Release|Any CPU
		{3A2F7268-D6FA-4F9E-B90C-0F99651BAB5B}.Release|x64.ActiveCfg = Release|Any CPU
		{3A2F7268-D6FA-4F9E-B90C-0F99651BAB5B}.Release|x64.Build.0 = Release|Any CPU
		{3A2F7268-D6FA-4F9E-B90C-0F99651BAB5B}.Release|x86.ActiveCfg = Release|Any CPU
		{3A2F7268-D6FA-4F9E-B90C-0F99651BAB5B}.Release|x86.Build.0 = Release|Any CPU
		{1CE16618-FBB9-4B2F-94EE-51C4B95F793F}.Debug|Any CPU.ActiveCfg = Debug|Any CPU
		{1CE16618-FBB9-4B2F-94EE-51C4B95F793F}.Debug|Any CPU.Build.0 = Debug|Any CPU
		{1CE16618-FBB9-4B2F-94EE-51C4B95F793F}.Debug|ARM.ActiveCfg = Debug|Any CPU
		{1CE16618-FBB9-4B2F-94EE-51C4B95F793F}.Debug|ARM.Build.0 = Debug|Any CPU
		{1CE16618-FBB9-4B2F-94EE-51C4B95F793F}.Debug|x64.ActiveCfg = Debug|Any CPU
		{1CE16618-FBB9-4B2F-94EE-51C4B95F793F}.Debug|x64.Build.0 = Debug|Any CPU
		{1CE16618-FBB9-4B2F-94EE-51C4B95F793F}.Debug|x86.ActiveCfg = Debug|Any CPU
		{1CE16618-FBB9-4B2F-94EE-51C4B95F793F}.Debug|x86.Build.0 = Debug|Any CPU
		{1CE16618-FBB9-4B2F-94EE-51C4B95F793F}.Release|Any CPU.ActiveCfg = Release|Any CPU
		{1CE16618-FBB9-4B2F-94EE-51C4B95F793F}.Release|Any CPU.Build.0 = Release|Any CPU
		{1CE16618-FBB9-4B2F-94EE-51C4B95F793F}.Release|ARM.ActiveCfg = Release|Any CPU
		{1CE16618-FBB9-4B2F-94EE-51C4B95F793F}.Release|ARM.Build.0 = Release|Any CPU
		{1CE16618-FBB9-4B2F-94EE-51C4B95F793F}.Release|x64.ActiveCfg = Release|Any CPU
		{1CE16618-FBB9-4B2F-94EE-51C4B95F793F}.Release|x64.Build.0 = Release|Any CPU
		{1CE16618-FBB9-4B2F-94EE-51C4B95F793F}.Release|x86.ActiveCfg = Release|Any CPU
		{1CE16618-FBB9-4B2F-94EE-51C4B95F793F}.Release|x86.Build.0 = Release|Any CPU
		{DA8E3CD7-C194-4B0F-A7AC-EADDF8FC8ACE}.Debug|Any CPU.ActiveCfg = Debug|Any CPU
		{DA8E3CD7-C194-4B0F-A7AC-EADDF8FC8ACE}.Debug|Any CPU.Build.0 = Debug|Any CPU
		{DA8E3CD7-C194-4B0F-A7AC-EADDF8FC8ACE}.Debug|ARM.ActiveCfg = Debug|Any CPU
		{DA8E3CD7-C194-4B0F-A7AC-EADDF8FC8ACE}.Debug|ARM.Build.0 = Debug|Any CPU
		{DA8E3CD7-C194-4B0F-A7AC-EADDF8FC8ACE}.Debug|x64.ActiveCfg = Debug|Any CPU
		{DA8E3CD7-C194-4B0F-A7AC-EADDF8FC8ACE}.Debug|x64.Build.0 = Debug|Any CPU
		{DA8E3CD7-C194-4B0F-A7AC-EADDF8FC8ACE}.Debug|x86.ActiveCfg = Debug|Any CPU
		{DA8E3CD7-C194-4B0F-A7AC-EADDF8FC8ACE}.Debug|x86.Build.0 = Debug|Any CPU
		{DA8E3CD7-C194-4B0F-A7AC-EADDF8FC8ACE}.Release|Any CPU.ActiveCfg = Release|Any CPU
		{DA8E3CD7-C194-4B0F-A7AC-EADDF8FC8ACE}.Release|Any CPU.Build.0 = Release|Any CPU
		{DA8E3CD7-C194-4B0F-A7AC-EADDF8FC8ACE}.Release|ARM.ActiveCfg = Release|Any CPU
		{DA8E3CD7-C194-4B0F-A7AC-EADDF8FC8ACE}.Release|ARM.Build.0 = Release|Any CPU
		{DA8E3CD7-C194-4B0F-A7AC-EADDF8FC8ACE}.Release|x64.ActiveCfg = Release|Any CPU
		{DA8E3CD7-C194-4B0F-A7AC-EADDF8FC8ACE}.Release|x64.Build.0 = Release|Any CPU
		{DA8E3CD7-C194-4B0F-A7AC-EADDF8FC8ACE}.Release|x86.ActiveCfg = Release|Any CPU
		{DA8E3CD7-C194-4B0F-A7AC-EADDF8FC8ACE}.Release|x86.Build.0 = Release|Any CPU
		{E9140512-F401-4F47-A748-F83E22E60562}.Debug|Any CPU.ActiveCfg = Debug|Any CPU
		{E9140512-F401-4F47-A748-F83E22E60562}.Debug|Any CPU.Build.0 = Debug|Any CPU
		{E9140512-F401-4F47-A748-F83E22E60562}.Debug|ARM.ActiveCfg = Debug|Any CPU
		{E9140512-F401-4F47-A748-F83E22E60562}.Debug|ARM.Build.0 = Debug|Any CPU
		{E9140512-F401-4F47-A748-F83E22E60562}.Debug|x64.ActiveCfg = Debug|Any CPU
		{E9140512-F401-4F47-A748-F83E22E60562}.Debug|x64.Build.0 = Debug|Any CPU
		{E9140512-F401-4F47-A748-F83E22E60562}.Debug|x86.ActiveCfg = Debug|Any CPU
		{E9140512-F401-4F47-A748-F83E22E60562}.Debug|x86.Build.0 = Debug|Any CPU
		{E9140512-F401-4F47-A748-F83E22E60562}.Release|Any CPU.ActiveCfg = Release|Any CPU
		{E9140512-F401-4F47-A748-F83E22E60562}.Release|Any CPU.Build.0 = Release|Any CPU
		{E9140512-F401-4F47-A748-F83E22E60562}.Release|ARM.ActiveCfg = Release|Any CPU
		{E9140512-F401-4F47-A748-F83E22E60562}.Release|ARM.Build.0 = Release|Any CPU
		{E9140512-F401-4F47-A748-F83E22E60562}.Release|x64.ActiveCfg = Release|Any CPU
		{E9140512-F401-4F47-A748-F83E22E60562}.Release|x64.Build.0 = Release|Any CPU
		{E9140512-F401-4F47-A748-F83E22E60562}.Release|x86.ActiveCfg = Release|Any CPU
		{E9140512-F401-4F47-A748-F83E22E60562}.Release|x86.Build.0 = Release|Any CPU
		{AFF67409-693D-4DE6-B42A-D628FCCD013A}.Debug|Any CPU.ActiveCfg = Debug|Any CPU
		{AFF67409-693D-4DE6-B42A-D628FCCD013A}.Debug|Any CPU.Build.0 = Debug|Any CPU
		{AFF67409-693D-4DE6-B42A-D628FCCD013A}.Debug|ARM.ActiveCfg = Debug|Any CPU
		{AFF67409-693D-4DE6-B42A-D628FCCD013A}.Debug|ARM.Build.0 = Debug|Any CPU
		{AFF67409-693D-4DE6-B42A-D628FCCD013A}.Debug|x64.ActiveCfg = Debug|Any CPU
		{AFF67409-693D-4DE6-B42A-D628FCCD013A}.Debug|x64.Build.0 = Debug|Any CPU
		{AFF67409-693D-4DE6-B42A-D628FCCD013A}.Debug|x86.ActiveCfg = Debug|Any CPU
		{AFF67409-693D-4DE6-B42A-D628FCCD013A}.Debug|x86.Build.0 = Debug|Any CPU
		{AFF67409-693D-4DE6-B42A-D628FCCD013A}.Release|Any CPU.ActiveCfg = Release|Any CPU
		{AFF67409-693D-4DE6-B42A-D628FCCD013A}.Release|Any CPU.Build.0 = Release|Any CPU
		{AFF67409-693D-4DE6-B42A-D628FCCD013A}.Release|ARM.ActiveCfg = Release|Any CPU
		{AFF67409-693D-4DE6-B42A-D628FCCD013A}.Release|ARM.Build.0 = Release|Any CPU
		{AFF67409-693D-4DE6-B42A-D628FCCD013A}.Release|x64.ActiveCfg = Release|Any CPU
		{AFF67409-693D-4DE6-B42A-D628FCCD013A}.Release|x64.Build.0 = Release|Any CPU
		{AFF67409-693D-4DE6-B42A-D628FCCD013A}.Release|x86.ActiveCfg = Release|Any CPU
		{AFF67409-693D-4DE6-B42A-D628FCCD013A}.Release|x86.Build.0 = Release|Any CPU
		{4E160284-840C-470D-837B-F4AFC83C52DE}.Debug|Any CPU.ActiveCfg = Debug|Any CPU
		{4E160284-840C-470D-837B-F4AFC83C52DE}.Debug|Any CPU.Build.0 = Debug|Any CPU
		{4E160284-840C-470D-837B-F4AFC83C52DE}.Debug|ARM.ActiveCfg = Debug|Any CPU
		{4E160284-840C-470D-837B-F4AFC83C52DE}.Debug|ARM.Build.0 = Debug|Any CPU
		{4E160284-840C-470D-837B-F4AFC83C52DE}.Debug|x64.ActiveCfg = Debug|Any CPU
		{4E160284-840C-470D-837B-F4AFC83C52DE}.Debug|x64.Build.0 = Debug|Any CPU
		{4E160284-840C-470D-837B-F4AFC83C52DE}.Debug|x86.ActiveCfg = Debug|Any CPU
		{4E160284-840C-470D-837B-F4AFC83C52DE}.Debug|x86.Build.0 = Debug|Any CPU
		{4E160284-840C-470D-837B-F4AFC83C52DE}.Release|Any CPU.ActiveCfg = Release|Any CPU
		{4E160284-840C-470D-837B-F4AFC83C52DE}.Release|Any CPU.Build.0 = Release|Any CPU
		{4E160284-840C-470D-837B-F4AFC83C52DE}.Release|ARM.ActiveCfg = Release|Any CPU
		{4E160284-840C-470D-837B-F4AFC83C52DE}.Release|ARM.Build.0 = Release|Any CPU
		{4E160284-840C-470D-837B-F4AFC83C52DE}.Release|x64.ActiveCfg = Release|Any CPU
		{4E160284-840C-470D-837B-F4AFC83C52DE}.Release|x64.Build.0 = Release|Any CPU
		{4E160284-840C-470D-837B-F4AFC83C52DE}.Release|x86.ActiveCfg = Release|Any CPU
		{4E160284-840C-470D-837B-F4AFC83C52DE}.Release|x86.Build.0 = Release|Any CPU
		{C0B356C9-D79F-4E8B-93B4-0915897EA73A}.Debug|Any CPU.ActiveCfg = Debug|Any CPU
		{C0B356C9-D79F-4E8B-93B4-0915897EA73A}.Debug|Any CPU.Build.0 = Debug|Any CPU
		{C0B356C9-D79F-4E8B-93B4-0915897EA73A}.Debug|ARM.ActiveCfg = Debug|Any CPU
		{C0B356C9-D79F-4E8B-93B4-0915897EA73A}.Debug|ARM.Build.0 = Debug|Any CPU
		{C0B356C9-D79F-4E8B-93B4-0915897EA73A}.Debug|x64.ActiveCfg = Debug|Any CPU
		{C0B356C9-D79F-4E8B-93B4-0915897EA73A}.Debug|x64.Build.0 = Debug|Any CPU
		{C0B356C9-D79F-4E8B-93B4-0915897EA73A}.Debug|x86.ActiveCfg = Debug|Any CPU
		{C0B356C9-D79F-4E8B-93B4-0915897EA73A}.Debug|x86.Build.0 = Debug|Any CPU
		{C0B356C9-D79F-4E8B-93B4-0915897EA73A}.Release|Any CPU.ActiveCfg = Release|Any CPU
		{C0B356C9-D79F-4E8B-93B4-0915897EA73A}.Release|Any CPU.Build.0 = Release|Any CPU
		{C0B356C9-D79F-4E8B-93B4-0915897EA73A}.Release|ARM.ActiveCfg = Release|Any CPU
		{C0B356C9-D79F-4E8B-93B4-0915897EA73A}.Release|ARM.Build.0 = Release|Any CPU
		{C0B356C9-D79F-4E8B-93B4-0915897EA73A}.Release|x64.ActiveCfg = Release|Any CPU
		{C0B356C9-D79F-4E8B-93B4-0915897EA73A}.Release|x64.Build.0 = Release|Any CPU
		{C0B356C9-D79F-4E8B-93B4-0915897EA73A}.Release|x86.ActiveCfg = Release|Any CPU
		{C0B356C9-D79F-4E8B-93B4-0915897EA73A}.Release|x86.Build.0 = Release|Any CPU
		{B78A28A2-A501-4039-8E86-E878A75B788A}.Debug|Any CPU.ActiveCfg = Debug|Any CPU
		{B78A28A2-A501-4039-8E86-E878A75B788A}.Debug|Any CPU.Build.0 = Debug|Any CPU
		{B78A28A2-A501-4039-8E86-E878A75B788A}.Debug|ARM.ActiveCfg = Debug|Any CPU
		{B78A28A2-A501-4039-8E86-E878A75B788A}.Debug|ARM.Build.0 = Debug|Any CPU
		{B78A28A2-A501-4039-8E86-E878A75B788A}.Debug|x64.ActiveCfg = Debug|Any CPU
		{B78A28A2-A501-4039-8E86-E878A75B788A}.Debug|x64.Build.0 = Debug|Any CPU
		{B78A28A2-A501-4039-8E86-E878A75B788A}.Debug|x86.ActiveCfg = Debug|Any CPU
		{B78A28A2-A501-4039-8E86-E878A75B788A}.Debug|x86.Build.0 = Debug|Any CPU
		{B78A28A2-A501-4039-8E86-E878A75B788A}.Release|Any CPU.ActiveCfg = Release|Any CPU
		{B78A28A2-A501-4039-8E86-E878A75B788A}.Release|Any CPU.Build.0 = Release|Any CPU
		{B78A28A2-A501-4039-8E86-E878A75B788A}.Release|ARM.ActiveCfg = Release|Any CPU
		{B78A28A2-A501-4039-8E86-E878A75B788A}.Release|ARM.Build.0 = Release|Any CPU
		{B78A28A2-A501-4039-8E86-E878A75B788A}.Release|x64.ActiveCfg = Release|Any CPU
		{B78A28A2-A501-4039-8E86-E878A75B788A}.Release|x64.Build.0 = Release|Any CPU
		{B78A28A2-A501-4039-8E86-E878A75B788A}.Release|x86.ActiveCfg = Release|Any CPU
		{B78A28A2-A501-4039-8E86-E878A75B788A}.Release|x86.Build.0 = Release|Any CPU
		{4742175D-E322-4320-B17E-4D76C2568AD6}.Debug|Any CPU.ActiveCfg = Debug|Any CPU
		{4742175D-E322-4320-B17E-4D76C2568AD6}.Debug|Any CPU.Build.0 = Debug|Any CPU
		{4742175D-E322-4320-B17E-4D76C2568AD6}.Debug|ARM.ActiveCfg = Debug|Any CPU
		{4742175D-E322-4320-B17E-4D76C2568AD6}.Debug|ARM.Build.0 = Debug|Any CPU
		{4742175D-E322-4320-B17E-4D76C2568AD6}.Debug|x64.ActiveCfg = Debug|Any CPU
		{4742175D-E322-4320-B17E-4D76C2568AD6}.Debug|x64.Build.0 = Debug|Any CPU
		{4742175D-E322-4320-B17E-4D76C2568AD6}.Debug|x86.ActiveCfg = Debug|Any CPU
		{4742175D-E322-4320-B17E-4D76C2568AD6}.Debug|x86.Build.0 = Debug|Any CPU
		{4742175D-E322-4320-B17E-4D76C2568AD6}.Release|Any CPU.ActiveCfg = Release|Any CPU
		{4742175D-E322-4320-B17E-4D76C2568AD6}.Release|Any CPU.Build.0 = Release|Any CPU
		{4742175D-E322-4320-B17E-4D76C2568AD6}.Release|ARM.ActiveCfg = Release|Any CPU
		{4742175D-E322-4320-B17E-4D76C2568AD6}.Release|ARM.Build.0 = Release|Any CPU
		{4742175D-E322-4320-B17E-4D76C2568AD6}.Release|x64.ActiveCfg = Release|Any CPU
		{4742175D-E322-4320-B17E-4D76C2568AD6}.Release|x64.Build.0 = Release|Any CPU
		{4742175D-E322-4320-B17E-4D76C2568AD6}.Release|x86.ActiveCfg = Release|Any CPU
		{4742175D-E322-4320-B17E-4D76C2568AD6}.Release|x86.Build.0 = Release|Any CPU
		{C8DA2C49-BCE9-4446-A548-5FCFA36B1296}.Debug|Any CPU.ActiveCfg = Debug|Any CPU
		{C8DA2C49-BCE9-4446-A548-5FCFA36B1296}.Debug|Any CPU.Build.0 = Debug|Any CPU
		{C8DA2C49-BCE9-4446-A548-5FCFA36B1296}.Debug|ARM.ActiveCfg = Debug|Any CPU
		{C8DA2C49-BCE9-4446-A548-5FCFA36B1296}.Debug|ARM.Build.0 = Debug|Any CPU
		{C8DA2C49-BCE9-4446-A548-5FCFA36B1296}.Debug|x64.ActiveCfg = Debug|Any CPU
		{C8DA2C49-BCE9-4446-A548-5FCFA36B1296}.Debug|x64.Build.0 = Debug|Any CPU
		{C8DA2C49-BCE9-4446-A548-5FCFA36B1296}.Debug|x86.ActiveCfg = Debug|Any CPU
		{C8DA2C49-BCE9-4446-A548-5FCFA36B1296}.Debug|x86.Build.0 = Debug|Any CPU
		{C8DA2C49-BCE9-4446-A548-5FCFA36B1296}.Release|Any CPU.ActiveCfg = Release|Any CPU
		{C8DA2C49-BCE9-4446-A548-5FCFA36B1296}.Release|Any CPU.Build.0 = Release|Any CPU
		{C8DA2C49-BCE9-4446-A548-5FCFA36B1296}.Release|ARM.ActiveCfg = Release|Any CPU
		{C8DA2C49-BCE9-4446-A548-5FCFA36B1296}.Release|ARM.Build.0 = Release|Any CPU
		{C8DA2C49-BCE9-4446-A548-5FCFA36B1296}.Release|x64.ActiveCfg = Release|Any CPU
		{C8DA2C49-BCE9-4446-A548-5FCFA36B1296}.Release|x64.Build.0 = Release|Any CPU
		{C8DA2C49-BCE9-4446-A548-5FCFA36B1296}.Release|x86.ActiveCfg = Release|Any CPU
		{C8DA2C49-BCE9-4446-A548-5FCFA36B1296}.Release|x86.Build.0 = Release|Any CPU
		{4E9BEFE0-5519-4129-9B27-1A23654438E4}.Debug|Any CPU.ActiveCfg = Debug|Any CPU
		{4E9BEFE0-5519-4129-9B27-1A23654438E4}.Debug|Any CPU.Build.0 = Debug|Any CPU
		{4E9BEFE0-5519-4129-9B27-1A23654438E4}.Debug|ARM.ActiveCfg = Debug|Any CPU
		{4E9BEFE0-5519-4129-9B27-1A23654438E4}.Debug|ARM.Build.0 = Debug|Any CPU
		{4E9BEFE0-5519-4129-9B27-1A23654438E4}.Debug|x64.ActiveCfg = Debug|Any CPU
		{4E9BEFE0-5519-4129-9B27-1A23654438E4}.Debug|x64.Build.0 = Debug|Any CPU
		{4E9BEFE0-5519-4129-9B27-1A23654438E4}.Debug|x86.ActiveCfg = Debug|Any CPU
		{4E9BEFE0-5519-4129-9B27-1A23654438E4}.Debug|x86.Build.0 = Debug|Any CPU
		{4E9BEFE0-5519-4129-9B27-1A23654438E4}.Release|Any CPU.ActiveCfg = Release|Any CPU
		{4E9BEFE0-5519-4129-9B27-1A23654438E4}.Release|Any CPU.Build.0 = Release|Any CPU
		{4E9BEFE0-5519-4129-9B27-1A23654438E4}.Release|ARM.ActiveCfg = Release|Any CPU
		{4E9BEFE0-5519-4129-9B27-1A23654438E4}.Release|ARM.Build.0 = Release|Any CPU
		{4E9BEFE0-5519-4129-9B27-1A23654438E4}.Release|x64.ActiveCfg = Release|Any CPU
		{4E9BEFE0-5519-4129-9B27-1A23654438E4}.Release|x64.Build.0 = Release|Any CPU
		{4E9BEFE0-5519-4129-9B27-1A23654438E4}.Release|x86.ActiveCfg = Release|Any CPU
		{4E9BEFE0-5519-4129-9B27-1A23654438E4}.Release|x86.Build.0 = Release|Any CPU
		{6813DC53-5EEE-4507-8604-5301EE51A0D3}.Debug|Any CPU.ActiveCfg = Debug|Any CPU
		{6813DC53-5EEE-4507-8604-5301EE51A0D3}.Debug|Any CPU.Build.0 = Debug|Any CPU
		{6813DC53-5EEE-4507-8604-5301EE51A0D3}.Debug|ARM.ActiveCfg = Debug|Any CPU
		{6813DC53-5EEE-4507-8604-5301EE51A0D3}.Debug|ARM.Build.0 = Debug|Any CPU
		{6813DC53-5EEE-4507-8604-5301EE51A0D3}.Debug|x64.ActiveCfg = Debug|Any CPU
		{6813DC53-5EEE-4507-8604-5301EE51A0D3}.Debug|x64.Build.0 = Debug|Any CPU
		{6813DC53-5EEE-4507-8604-5301EE51A0D3}.Debug|x86.ActiveCfg = Debug|Any CPU
		{6813DC53-5EEE-4507-8604-5301EE51A0D3}.Debug|x86.Build.0 = Debug|Any CPU
		{6813DC53-5EEE-4507-8604-5301EE51A0D3}.Release|Any CPU.ActiveCfg = Release|Any CPU
		{6813DC53-5EEE-4507-8604-5301EE51A0D3}.Release|Any CPU.Build.0 = Release|Any CPU
		{6813DC53-5EEE-4507-8604-5301EE51A0D3}.Release|ARM.ActiveCfg = Release|Any CPU
		{6813DC53-5EEE-4507-8604-5301EE51A0D3}.Release|ARM.Build.0 = Release|Any CPU
		{6813DC53-5EEE-4507-8604-5301EE51A0D3}.Release|x64.ActiveCfg = Release|Any CPU
		{6813DC53-5EEE-4507-8604-5301EE51A0D3}.Release|x64.Build.0 = Release|Any CPU
		{6813DC53-5EEE-4507-8604-5301EE51A0D3}.Release|x86.ActiveCfg = Release|Any CPU
		{6813DC53-5EEE-4507-8604-5301EE51A0D3}.Release|x86.Build.0 = Release|Any CPU
		{5542EBC8-AA21-4B96-A315-1F38E4BCA359}.Debug|Any CPU.ActiveCfg = Debug|Any CPU
		{5542EBC8-AA21-4B96-A315-1F38E4BCA359}.Debug|Any CPU.Build.0 = Debug|Any CPU
		{5542EBC8-AA21-4B96-A315-1F38E4BCA359}.Debug|ARM.ActiveCfg = Debug|Any CPU
		{5542EBC8-AA21-4B96-A315-1F38E4BCA359}.Debug|ARM.Build.0 = Debug|Any CPU
		{5542EBC8-AA21-4B96-A315-1F38E4BCA359}.Debug|x64.ActiveCfg = Debug|Any CPU
		{5542EBC8-AA21-4B96-A315-1F38E4BCA359}.Debug|x64.Build.0 = Debug|Any CPU
		{5542EBC8-AA21-4B96-A315-1F38E4BCA359}.Debug|x86.ActiveCfg = Debug|Any CPU
		{5542EBC8-AA21-4B96-A315-1F38E4BCA359}.Debug|x86.Build.0 = Debug|Any CPU
		{5542EBC8-AA21-4B96-A315-1F38E4BCA359}.Release|Any CPU.ActiveCfg = Release|Any CPU
		{5542EBC8-AA21-4B96-A315-1F38E4BCA359}.Release|Any CPU.Build.0 = Release|Any CPU
		{5542EBC8-AA21-4B96-A315-1F38E4BCA359}.Release|ARM.ActiveCfg = Release|Any CPU
		{5542EBC8-AA21-4B96-A315-1F38E4BCA359}.Release|ARM.Build.0 = Release|Any CPU
		{5542EBC8-AA21-4B96-A315-1F38E4BCA359}.Release|x64.ActiveCfg = Release|Any CPU
		{5542EBC8-AA21-4B96-A315-1F38E4BCA359}.Release|x64.Build.0 = Release|Any CPU
		{5542EBC8-AA21-4B96-A315-1F38E4BCA359}.Release|x86.ActiveCfg = Release|Any CPU
		{5542EBC8-AA21-4B96-A315-1F38E4BCA359}.Release|x86.Build.0 = Release|Any CPU
	EndGlobalSection
	GlobalSection(SolutionProperties) = preSolution
		HideSolutionNode = FALSE
	EndGlobalSection
	GlobalSection(NestedProjects) = preSolution
		{026FEC9B-053D-40B3-90C2-A0E6F883B76A} = {07873B8D-2C3B-406A-996D-3B0FE927F787}
		{5099BA64-3CF3-4575-A928-9225BFDF04CF} = {07873B8D-2C3B-406A-996D-3B0FE927F787}
		{5E2544BB-1F84-4F43-8273-280C171614C2} = {07873B8D-2C3B-406A-996D-3B0FE927F787}
		{88A8A35D-5D8D-4283-816C-40C3846FD949} = {026FEC9B-053D-40B3-90C2-A0E6F883B76A}
		{1C6815DB-0F42-40B7-B310-57690B317BD1} = {026FEC9B-053D-40B3-90C2-A0E6F883B76A}
		{E275F6A7-50C9-4F43-AEA4-A874B59680EB} = {FB3DB04A-0112-44A4-85C1-09C69469A789}
		{9D1B3EF4-11C1-47E4-898D-6061EE29CDF1} = {E651F8CA-18B3-4E72-8C91-7B771BCA2511}
		{FB3DB04A-0112-44A4-85C1-09C69469A789} = {07873B8D-2C3B-406A-996D-3B0FE927F787}
		{3A2F7268-D6FA-4F9E-B90C-0F99651BAB5B} = {5099BA64-3CF3-4575-A928-9225BFDF04CF}
		{1CE16618-FBB9-4B2F-94EE-51C4B95F793F} = {5099BA64-3CF3-4575-A928-9225BFDF04CF}
		{DA8E3CD7-C194-4B0F-A7AC-EADDF8FC8ACE} = {005AE83B-4E43-4A65-A6CE-779E8C0F964A}
		{E9140512-F401-4F47-A748-F83E22E60562} = {005AE83B-4E43-4A65-A6CE-779E8C0F964A}
		{AFF67409-693D-4DE6-B42A-D628FCCD013A} = {005AE83B-4E43-4A65-A6CE-779E8C0F964A}
		{52639486-594B-4B81-AE4F-CFBA049586E4} = {07873B8D-2C3B-406A-996D-3B0FE927F787}
		{C0B356C9-D79F-4E8B-93B4-0915897EA73A} = {52639486-594B-4B81-AE4F-CFBA049586E4}
		{B78A28A2-A501-4039-8E86-E878A75B788A} = {52639486-594B-4B81-AE4F-CFBA049586E4}
		{C8DA2C49-BCE9-4446-A548-5FCFA36B1296} = {3D5FAA22-A4BF-4D2B-86A6-B6925A87F491}
		{4E9BEFE0-5519-4129-9B27-1A23654438E4} = {005AE83B-4E43-4A65-A6CE-779E8C0F964A}
		{6813DC53-5EEE-4507-8604-5301EE51A0D3} = {E651F8CA-18B3-4E72-8C91-7B771BCA2511}
		{5542EBC8-AA21-4B96-A315-1F38E4BCA359} = {FB3DB04A-0112-44A4-85C1-09C69469A789}
	EndGlobalSection
EndGlobal
